// !$*UTF8*$!
{
	archiveVersion = 1;
	classes = {
	};
	objectVersion = 56;
	objects = {

/* Begin PBXBuildFile section */
		242C63262C4A17EB00C7B229 /* MainView.swift in Sources */ = {isa = PBXBuildFile; fileRef = 242C63252C4A17EB00C7B229 /* MainView.swift */; };
		242C63282C4A187F00C7B229 /* BaseViewModel.swift in Sources */ = {isa = PBXBuildFile; fileRef = 242C63272C4A187F00C7B229 /* BaseViewModel.swift */; };
		242C632D2C4A35EF00C7B229 /* Kingfisher in Frameworks */ = {isa = PBXBuildFile; productRef = 242C632C2C4A35EF00C7B229 /* Kingfisher */; };
		242C632F2C4A53C600C7B229 /* Format.swift in Sources */ = {isa = PBXBuildFile; fileRef = 242C632E2C4A53C600C7B229 /* Format.swift */; };
		242C63312C4A585700C7B229 /* ForecastOutput.swift in Sources */ = {isa = PBXBuildFile; fileRef = 242C63302C4A585700C7B229 /* ForecastOutput.swift */; };
		242C63332C4A586600C7B229 /* WeatherOutput.swift in Sources */ = {isa = PBXBuildFile; fileRef = 242C63322C4A586600C7B229 /* WeatherOutput.swift */; };
		242C63362C4A5EED00C7B229 /* Double+.swift in Sources */ = {isa = PBXBuildFile; fileRef = 242C63352C4A5EED00C7B229 /* Double+.swift */; };
		242C63382C4A5F3300C7B229 /* String+.swift in Sources */ = {isa = PBXBuildFile; fileRef = 242C63372C4A5F3300C7B229 /* String+.swift */; };
		2466E34C2C4155C000D675B2 /* AppDelegate.swift in Sources */ = {isa = PBXBuildFile; fileRef = 2466E34B2C4155C000D675B2 /* AppDelegate.swift */; };
		2466E34E2C4155C000D675B2 /* SceneDelegate.swift in Sources */ = {isa = PBXBuildFile; fileRef = 2466E34D2C4155C000D675B2 /* SceneDelegate.swift */; };
		2466E3502C4155C000D675B2 /* MainViewController.swift in Sources */ = {isa = PBXBuildFile; fileRef = 2466E34F2C4155C000D675B2 /* MainViewController.swift */; };
		2466E3552C4155C100D675B2 /* Assets.xcassets in Resources */ = {isa = PBXBuildFile; fileRef = 2466E3542C4155C100D675B2 /* Assets.xcassets */; };
		2466E3582C4155C100D675B2 /* Base in Resources */ = {isa = PBXBuildFile; fileRef = 2466E3572C4155C100D675B2 /* Base */; };
		2466E3602C41565200D675B2 /* .gitignore in Resources */ = {isa = PBXBuildFile; fileRef = 2466E35F2C41565200D675B2 /* .gitignore */; };
		2466E3622C41566900D675B2 /* APIKey.swift in Sources */ = {isa = PBXBuildFile; fileRef = 2466E3612C41566800D675B2 /* APIKey.swift */; };
		2466E3652C41586200D675B2 /* SnapKit in Frameworks */ = {isa = PBXBuildFile; productRef = 2466E3642C41586200D675B2 /* SnapKit */; };
		2466E3682C415FF600D675B2 /* Alamofire in Frameworks */ = {isa = PBXBuildFile; productRef = 2466E3672C415FF600D675B2 /* Alamofire */; };
		2466E36B2C41609A00D675B2 /* Then in Frameworks */ = {isa = PBXBuildFile; productRef = 2466E36A2C41609A00D675B2 /* Then */; };
		2466E36D2C42933B00D675B2 /* WeatherCollectionViewCell.swift in Sources */ = {isa = PBXBuildFile; fileRef = 2466E36C2C42933B00D675B2 /* WeatherCollectionViewCell.swift */; };
		2466E36F2C42934800D675B2 /* WeatherTableViewCell.swift in Sources */ = {isa = PBXBuildFile; fileRef = 2466E36E2C42934800D675B2 /* WeatherTableViewCell.swift */; };
		2466E3712C4297DB00D675B2 /* BaseViewController.swift in Sources */ = {isa = PBXBuildFile; fileRef = 2466E3702C4297DB00D675B2 /* BaseViewController.swift */; };
		2466E3742C42985700D675B2 /* BaseTableViewCell.swift in Sources */ = {isa = PBXBuildFile; fileRef = 2466E3732C42985700D675B2 /* BaseTableViewCell.swift */; };
		2466E3782C4298A200D675B2 /* BaseCollectionViewCell.swift in Sources */ = {isa = PBXBuildFile; fileRef = 2466E3772C4298A200D675B2 /* BaseCollectionViewCell.swift */; };
		2466E37A2C429A6000D675B2 /* BaseView.swift in Sources */ = {isa = PBXBuildFile; fileRef = 2466E3792C429A6000D675B2 /* BaseView.swift */; };
		2466E37D2C429A8300D675B2 /* ContainerView.swift in Sources */ = {isa = PBXBuildFile; fileRef = 2466E37C2C429A8300D675B2 /* ContainerView.swift */; };
		2466E3892C451BF500D675B2 /* NetworkManager.swift in Sources */ = {isa = PBXBuildFile; fileRef = 2466E3882C451BF500D675B2 /* NetworkManager.swift */; };
		2466E38B2C451C4500D675B2 /* NetworkRequest.swift in Sources */ = {isa = PBXBuildFile; fileRef = 2466E38A2C451C4500D675B2 /* NetworkRequest.swift */; };
		2466E38D2C45227C00D675B2 /* WeatherResponse.swift in Sources */ = {isa = PBXBuildFile; fileRef = 2466E38C2C45227C00D675B2 /* WeatherResponse.swift */; };
		2466E3902C45443C00D675B2 /* ForecastResponse.swift in Sources */ = {isa = PBXBuildFile; fileRef = 2466E38F2C45443C00D675B2 /* ForecastResponse.swift */; };
		2466E3932C45498D00D675B2 /* MainViewModel.swift in Sources */ = {isa = PBXBuildFile; fileRef = 2466E3922C45498D00D675B2 /* MainViewModel.swift */; };
		2466E3952C4549FC00D675B2 /* Observable.swift in Sources */ = {isa = PBXBuildFile; fileRef = 2466E3942C4549FC00D675B2 /* Observable.swift */; };
		2466E3A22C46365200D675B2 /* CityList.json in Resources */ = {isa = PBXBuildFile; fileRef = 2466E3A12C46365200D675B2 /* CityList.json */; };
/* End PBXBuildFile section */

/* Begin PBXFileReference section */
		242C63252C4A17EB00C7B229 /* MainView.swift */ = {isa = PBXFileReference; lastKnownFileType = sourcecode.swift; path = MainView.swift; sourceTree = "<group>"; };
		242C63272C4A187F00C7B229 /* BaseViewModel.swift */ = {isa = PBXFileReference; lastKnownFileType = sourcecode.swift; path = BaseViewModel.swift; sourceTree = "<group>"; };
		242C632E2C4A53C600C7B229 /* Format.swift */ = {isa = PBXFileReference; lastKnownFileType = sourcecode.swift; path = Format.swift; sourceTree = "<group>"; };
		242C63302C4A585700C7B229 /* ForecastOutput.swift */ = {isa = PBXFileReference; lastKnownFileType = sourcecode.swift; path = ForecastOutput.swift; sourceTree = "<group>"; };
		242C63322C4A586600C7B229 /* WeatherOutput.swift */ = {isa = PBXFileReference; lastKnownFileType = sourcecode.swift; path = WeatherOutput.swift; sourceTree = "<group>"; };
		242C63352C4A5EED00C7B229 /* Double+.swift */ = {isa = PBXFileReference; lastKnownFileType = sourcecode.swift; path = "Double+.swift"; sourceTree = "<group>"; };
		242C63372C4A5F3300C7B229 /* String+.swift */ = {isa = PBXFileReference; lastKnownFileType = sourcecode.swift; path = "String+.swift"; sourceTree = "<group>"; };
		2466E3482C4155C000D675B2 /* MyWeather.app */ = {isa = PBXFileReference; explicitFileType = wrapper.application; includeInIndex = 0; path = MyWeather.app; sourceTree = BUILT_PRODUCTS_DIR; };
		2466E34B2C4155C000D675B2 /* AppDelegate.swift */ = {isa = PBXFileReference; lastKnownFileType = sourcecode.swift; path = AppDelegate.swift; sourceTree = "<group>"; };
		2466E34D2C4155C000D675B2 /* SceneDelegate.swift */ = {isa = PBXFileReference; lastKnownFileType = sourcecode.swift; path = SceneDelegate.swift; sourceTree = "<group>"; };
		2466E34F2C4155C000D675B2 /* MainViewController.swift */ = {isa = PBXFileReference; lastKnownFileType = sourcecode.swift; path = MainViewController.swift; sourceTree = "<group>"; };
		2466E3542C4155C100D675B2 /* Assets.xcassets */ = {isa = PBXFileReference; lastKnownFileType = folder.assetcatalog; path = Assets.xcassets; sourceTree = "<group>"; };
		2466E3572C4155C100D675B2 /* Base */ = {isa = PBXFileReference; lastKnownFileType = file.storyboard; name = Base; path = Base.lproj/LaunchScreen.storyboard; sourceTree = "<group>"; };
		2466E3592C4155C200D675B2 /* Info.plist */ = {isa = PBXFileReference; lastKnownFileType = text.plist.xml; path = Info.plist; sourceTree = "<group>"; };
		2466E35F2C41565200D675B2 /* .gitignore */ = {isa = PBXFileReference; lastKnownFileType = text; path = .gitignore; sourceTree = "<group>"; };
		2466E3612C41566800D675B2 /* APIKey.swift */ = {isa = PBXFileReference; lastKnownFileType = sourcecode.swift; path = APIKey.swift; sourceTree = "<group>"; };
		2466E36C2C42933B00D675B2 /* WeatherCollectionViewCell.swift */ = {isa = PBXFileReference; lastKnownFileType = sourcecode.swift; path = WeatherCollectionViewCell.swift; sourceTree = "<group>"; };
		2466E36E2C42934800D675B2 /* WeatherTableViewCell.swift */ = {isa = PBXFileReference; lastKnownFileType = sourcecode.swift; path = WeatherTableViewCell.swift; sourceTree = "<group>"; };
		2466E3702C4297DB00D675B2 /* BaseViewController.swift */ = {isa = PBXFileReference; lastKnownFileType = sourcecode.swift; path = BaseViewController.swift; sourceTree = "<group>"; };
		2466E3732C42985700D675B2 /* BaseTableViewCell.swift */ = {isa = PBXFileReference; lastKnownFileType = sourcecode.swift; path = BaseTableViewCell.swift; sourceTree = "<group>"; };
		2466E3772C4298A200D675B2 /* BaseCollectionViewCell.swift */ = {isa = PBXFileReference; lastKnownFileType = sourcecode.swift; path = BaseCollectionViewCell.swift; sourceTree = "<group>"; };
		2466E3792C429A6000D675B2 /* BaseView.swift */ = {isa = PBXFileReference; lastKnownFileType = sourcecode.swift; path = BaseView.swift; sourceTree = "<group>"; };
		2466E37C2C429A8300D675B2 /* ContainerView.swift */ = {isa = PBXFileReference; lastKnownFileType = sourcecode.swift; path = ContainerView.swift; sourceTree = "<group>"; };
		2466E3882C451BF500D675B2 /* NetworkManager.swift */ = {isa = PBXFileReference; lastKnownFileType = sourcecode.swift; path = NetworkManager.swift; sourceTree = "<group>"; };
		2466E38A2C451C4500D675B2 /* NetworkRequest.swift */ = {isa = PBXFileReference; lastKnownFileType = sourcecode.swift; path = NetworkRequest.swift; sourceTree = "<group>"; };
		2466E38C2C45227C00D675B2 /* WeatherResponse.swift */ = {isa = PBXFileReference; lastKnownFileType = sourcecode.swift; path = WeatherResponse.swift; sourceTree = "<group>"; };
		2466E38F2C45443C00D675B2 /* ForecastResponse.swift */ = {isa = PBXFileReference; lastKnownFileType = sourcecode.swift; path = ForecastResponse.swift; sourceTree = "<group>"; };
		2466E3922C45498D00D675B2 /* MainViewModel.swift */ = {isa = PBXFileReference; lastKnownFileType = sourcecode.swift; path = MainViewModel.swift; sourceTree = "<group>"; };
		2466E3942C4549FC00D675B2 /* Observable.swift */ = {isa = PBXFileReference; lastKnownFileType = sourcecode.swift; path = Observable.swift; sourceTree = "<group>"; };
		2466E3A12C46365200D675B2 /* CityList.json */ = {isa = PBXFileReference; fileEncoding = 4; lastKnownFileType = text.json; path = CityList.json; sourceTree = "<group>"; };
/* End PBXFileReference section */

/* Begin PBXFrameworksBuildPhase section */
		2466E3452C4155C000D675B2 /* Frameworks */ = {
			isa = PBXFrameworksBuildPhase;
			buildActionMask = 2147483647;
			files = (
				242C632D2C4A35EF00C7B229 /* Kingfisher in Frameworks */,
				2466E3652C41586200D675B2 /* SnapKit in Frameworks */,
				2466E36B2C41609A00D675B2 /* Then in Frameworks */,
				2466E3682C415FF600D675B2 /* Alamofire in Frameworks */,
			);
			runOnlyForDeploymentPostprocessing = 0;
		};
/* End PBXFrameworksBuildPhase section */

/* Begin PBXGroup section */
		242C63292C4A196E00C7B229 /* View */ = {
			isa = PBXGroup;
			children = (
				2466E37C2C429A8300D675B2 /* ContainerView.swift */,
			);
			path = View;
			sourceTree = "<group>";
		};
		242C632A2C4A2D9100C7B229 /* Cell */ = {
			isa = PBXGroup;
			children = (
				2466E36C2C42933B00D675B2 /* WeatherCollectionViewCell.swift */,
				2466E36E2C42934800D675B2 /* WeatherTableViewCell.swift */,
			);
			path = Cell;
			sourceTree = "<group>";
		};
		242C63342C4A5EE400C7B229 /* Extension */ = {
			isa = PBXGroup;
			children = (
				242C63352C4A5EED00C7B229 /* Double+.swift */,
				242C63372C4A5F3300C7B229 /* String+.swift */,
			);
			path = Extension;
			sourceTree = "<group>";
		};
		2466E33F2C4155C000D675B2 = {
			isa = PBXGroup;
			children = (
				2466E35F2C41565200D675B2 /* .gitignore */,
				2466E34A2C4155C000D675B2 /* MyWeather */,
				2466E3492C4155C000D675B2 /* Products */,
			);
			sourceTree = "<group>";
		};
		2466E3492C4155C000D675B2 /* Products */ = {
			isa = PBXGroup;
			children = (
				2466E3482C4155C000D675B2 /* MyWeather.app */,
			);
			name = Products;
			sourceTree = "<group>";
		};
		2466E34A2C4155C000D675B2 /* MyWeather */ = {
			isa = PBXGroup;
			children = (
				2466E3612C41566800D675B2 /* APIKey.swift */,
				2466E34B2C4155C000D675B2 /* AppDelegate.swift */,
				2466E34D2C4155C000D675B2 /* SceneDelegate.swift */,
				242C63342C4A5EE400C7B229 /* Extension */,
				2466E38E2C45443200D675B2 /* Model */,
				2466E3912C45444500D675B2 /* Network */,
				2466E37B2C429A7600D675B2 /* Custom */,
				2466E37E2C429AC500D675B2 /* Scenes */,
				2466E3542C4155C100D675B2 /* Assets.xcassets */,
				2466E3A12C46365200D675B2 /* CityList.json */,
				2466E3562C4155C100D675B2 /* LaunchScreen.storyboard */,
				2466E3592C4155C200D675B2 /* Info.plist */,
			);
			path = MyWeather;
			sourceTree = "<group>";
		};
		2466E3722C42984B00D675B2 /* Base */ = {
			isa = PBXGroup;
			children = (
				2466E3702C4297DB00D675B2 /* BaseViewController.swift */,
				2466E3792C429A6000D675B2 /* BaseView.swift */,
				242C63272C4A187F00C7B229 /* BaseViewModel.swift */,
				2466E3772C4298A200D675B2 /* BaseCollectionViewCell.swift */,
				2466E3732C42985700D675B2 /* BaseTableViewCell.swift */,
			);
			path = Base;
			sourceTree = "<group>";
		};
		2466E37B2C429A7600D675B2 /* Custom */ = {
			isa = PBXGroup;
			children = (
				2466E3942C4549FC00D675B2 /* Observable.swift */,
				242C632E2C4A53C600C7B229 /* Format.swift */,
				2466E3722C42984B00D675B2 /* Base */,
				242C63292C4A196E00C7B229 /* View */,
			);
			path = Custom;
			sourceTree = "<group>";
		};
		2466E37E2C429AC500D675B2 /* Scenes */ = {
			isa = PBXGroup;
			children = (
				2466E37F2C429AD000D675B2 /* Main */,
			);
			path = Scenes;
			sourceTree = "<group>";
		};
		2466E37F2C429AD000D675B2 /* Main */ = {
			isa = PBXGroup;
			children = (
				2466E34F2C4155C000D675B2 /* MainViewController.swift */,
				242C63252C4A17EB00C7B229 /* MainView.swift */,
				2466E3922C45498D00D675B2 /* MainViewModel.swift */,
				242C632A2C4A2D9100C7B229 /* Cell */,
			);
			path = Main;
			sourceTree = "<group>";
		};
		2466E38E2C45443200D675B2 /* Model */ = {
			isa = PBXGroup;
			children = (
				2466E38C2C45227C00D675B2 /* WeatherResponse.swift */,
				2466E38F2C45443C00D675B2 /* ForecastResponse.swift */,
				242C63322C4A586600C7B229 /* WeatherOutput.swift */,
				242C63302C4A585700C7B229 /* ForecastOutput.swift */,
			);
			path = Model;
			sourceTree = "<group>";
		};
		2466E3912C45444500D675B2 /* Network */ = {
			isa = PBXGroup;
			children = (
				2466E38A2C451C4500D675B2 /* NetworkRequest.swift */,
				2466E3882C451BF500D675B2 /* NetworkManager.swift */,
			);
			path = Network;
			sourceTree = "<group>";
		};
/* End PBXGroup section */

/* Begin PBXNativeTarget section */
		2466E3472C4155C000D675B2 /* MyWeather */ = {
			isa = PBXNativeTarget;
			buildConfigurationList = 2466E35C2C4155C200D675B2 /* Build configuration list for PBXNativeTarget "MyWeather" */;
			buildPhases = (
				2466E3442C4155C000D675B2 /* Sources */,
				2466E3452C4155C000D675B2 /* Frameworks */,
				2466E3462C4155C000D675B2 /* Resources */,
			);
			buildRules = (
			);
			dependencies = (
			);
			name = MyWeather;
			packageProductDependencies = (
				2466E3642C41586200D675B2 /* SnapKit */,
				2466E3672C415FF600D675B2 /* Alamofire */,
				2466E36A2C41609A00D675B2 /* Then */,
				242C632C2C4A35EF00C7B229 /* Kingfisher */,
			);
			productName = MyWeather;
			productReference = 2466E3482C4155C000D675B2 /* MyWeather.app */;
			productType = "com.apple.product-type.application";
		};
/* End PBXNativeTarget section */

/* Begin PBXProject section */
		2466E3402C4155C000D675B2 /* Project object */ = {
			isa = PBXProject;
			attributes = {
				BuildIndependentTargetsInParallel = 1;
				LastSwiftUpdateCheck = 1540;
				LastUpgradeCheck = 1540;
				TargetAttributes = {
					2466E3472C4155C000D675B2 = {
						CreatedOnToolsVersion = 15.4;
					};
				};
			};
			buildConfigurationList = 2466E3432C4155C000D675B2 /* Build configuration list for PBXProject "MyWeather" */;
			compatibilityVersion = "Xcode 14.0";
			developmentRegion = en;
			hasScannedForEncodings = 0;
			knownRegions = (
				en,
				Base,
			);
			mainGroup = 2466E33F2C4155C000D675B2;
			packageReferences = (
				2466E3632C41586200D675B2 /* XCRemoteSwiftPackageReference "SnapKit" */,
				2466E3662C415FF600D675B2 /* XCRemoteSwiftPackageReference "Alamofire" */,
				2466E3692C41609A00D675B2 /* XCRemoteSwiftPackageReference "Then" */,
				242C632B2C4A35EF00C7B229 /* XCRemoteSwiftPackageReference "Kingfisher" */,
			);
			productRefGroup = 2466E3492C4155C000D675B2 /* Products */;
			projectDirPath = "";
			projectRoot = "";
			targets = (
				2466E3472C4155C000D675B2 /* MyWeather */,
			);
		};
/* End PBXProject section */

/* Begin PBXResourcesBuildPhase section */
		2466E3462C4155C000D675B2 /* Resources */ = {
			isa = PBXResourcesBuildPhase;
			buildActionMask = 2147483647;
			files = (
				2466E3602C41565200D675B2 /* .gitignore in Resources */,
				2466E3552C4155C100D675B2 /* Assets.xcassets in Resources */,
				2466E3A22C46365200D675B2 /* CityList.json in Resources */,
				2466E3582C4155C100D675B2 /* Base in Resources */,
			);
			runOnlyForDeploymentPostprocessing = 0;
		};
/* End PBXResourcesBuildPhase section */

/* Begin PBXSourcesBuildPhase section */
		2466E3442C4155C000D675B2 /* Sources */ = {
			isa = PBXSourcesBuildPhase;
			buildActionMask = 2147483647;
			files = (
				2466E38B2C451C4500D675B2 /* NetworkRequest.swift in Sources */,
				242C63282C4A187F00C7B229 /* BaseViewModel.swift in Sources */,
				2466E38D2C45227C00D675B2 /* WeatherResponse.swift in Sources */,
				2466E3742C42985700D675B2 /* BaseTableViewCell.swift in Sources */,
				2466E36F2C42934800D675B2 /* WeatherTableViewCell.swift in Sources */,
				242C63312C4A585700C7B229 /* ForecastOutput.swift in Sources */,
				2466E3952C4549FC00D675B2 /* Observable.swift in Sources */,
				242C63332C4A586600C7B229 /* WeatherOutput.swift in Sources */,
				242C63262C4A17EB00C7B229 /* MainView.swift in Sources */,
				242C63362C4A5EED00C7B229 /* Double+.swift in Sources */,
				242C63382C4A5F3300C7B229 /* String+.swift in Sources */,
				2466E36D2C42933B00D675B2 /* WeatherCollectionViewCell.swift in Sources */,
				2466E3892C451BF500D675B2 /* NetworkManager.swift in Sources */,
				2466E3502C4155C000D675B2 /* MainViewController.swift in Sources */,
				2466E3902C45443C00D675B2 /* ForecastResponse.swift in Sources */,
				2466E3932C45498D00D675B2 /* MainViewModel.swift in Sources */,
				242C632F2C4A53C600C7B229 /* Format.swift in Sources */,
				2466E34C2C4155C000D675B2 /* AppDelegate.swift in Sources */,
				2466E3782C4298A200D675B2 /* BaseCollectionViewCell.swift in Sources */,
				2466E3622C41566900D675B2 /* APIKey.swift in Sources */,
				2466E3712C4297DB00D675B2 /* BaseViewController.swift in Sources */,
				2466E37D2C429A8300D675B2 /* ContainerView.swift in Sources */,
				2466E34E2C4155C000D675B2 /* SceneDelegate.swift in Sources */,
				2466E37A2C429A6000D675B2 /* BaseView.swift in Sources */,
			);
			runOnlyForDeploymentPostprocessing = 0;
		};
/* End PBXSourcesBuildPhase section */

/* Begin PBXVariantGroup section */
		2466E3562C4155C100D675B2 /* LaunchScreen.storyboard */ = {
			isa = PBXVariantGroup;
			children = (
				2466E3572C4155C100D675B2 /* Base */,
			);
			name = LaunchScreen.storyboard;
			sourceTree = "<group>";
		};
/* End PBXVariantGroup section */

/* Begin XCBuildConfiguration section */
		2466E35A2C4155C200D675B2 /* Debug */ = {
			isa = XCBuildConfiguration;
			buildSettings = {
				ALWAYS_SEARCH_USER_PATHS = NO;
				ASSETCATALOG_COMPILER_GENERATE_SWIFT_ASSET_SYMBOL_EXTENSIONS = YES;
				CLANG_ANALYZER_NONNULL = YES;
				CLANG_ANALYZER_NUMBER_OBJECT_CONVERSION = YES_AGGRESSIVE;
				CLANG_CXX_LANGUAGE_STANDARD = "gnu++20";
				CLANG_ENABLE_MODULES = YES;
				CLANG_ENABLE_OBJC_ARC = YES;
				CLANG_ENABLE_OBJC_WEAK = YES;
				CLANG_WARN_BLOCK_CAPTURE_AUTORELEASING = YES;
				CLANG_WARN_BOOL_CONVERSION = YES;
				CLANG_WARN_COMMA = YES;
				CLANG_WARN_CONSTANT_CONVERSION = YES;
				CLANG_WARN_DEPRECATED_OBJC_IMPLEMENTATIONS = YES;
				CLANG_WARN_DIRECT_OBJC_ISA_USAGE = YES_ERROR;
				CLANG_WARN_DOCUMENTATION_COMMENTS = YES;
				CLANG_WARN_EMPTY_BODY = YES;
				CLANG_WARN_ENUM_CONVERSION = YES;
				CLANG_WARN_INFINITE_RECURSION = YES;
				CLANG_WARN_INT_CONVERSION = YES;
				CLANG_WARN_NON_LITERAL_NULL_CONVERSION = YES;
				CLANG_WARN_OBJC_IMPLICIT_RETAIN_SELF = YES;
				CLANG_WARN_OBJC_LITERAL_CONVERSION = YES;
				CLANG_WARN_OBJC_ROOT_CLASS = YES_ERROR;
				CLANG_WARN_QUOTED_INCLUDE_IN_FRAMEWORK_HEADER = YES;
				CLANG_WARN_RANGE_LOOP_ANALYSIS = YES;
				CLANG_WARN_STRICT_PROTOTYPES = YES;
				CLANG_WARN_SUSPICIOUS_MOVE = YES;
				CLANG_WARN_UNGUARDED_AVAILABILITY = YES_AGGRESSIVE;
				CLANG_WARN_UNREACHABLE_CODE = YES;
				CLANG_WARN__DUPLICATE_METHOD_MATCH = YES;
				COPY_PHASE_STRIP = NO;
				DEBUG_INFORMATION_FORMAT = dwarf;
				ENABLE_STRICT_OBJC_MSGSEND = YES;
				ENABLE_TESTABILITY = YES;
				ENABLE_USER_SCRIPT_SANDBOXING = YES;
				GCC_C_LANGUAGE_STANDARD = gnu17;
				GCC_DYNAMIC_NO_PIC = NO;
				GCC_NO_COMMON_BLOCKS = YES;
				GCC_OPTIMIZATION_LEVEL = 0;
				GCC_PREPROCESSOR_DEFINITIONS = (
					"DEBUG=1",
					"$(inherited)",
				);
				GCC_WARN_64_TO_32_BIT_CONVERSION = YES;
				GCC_WARN_ABOUT_RETURN_TYPE = YES_ERROR;
				GCC_WARN_UNDECLARED_SELECTOR = YES;
				GCC_WARN_UNINITIALIZED_AUTOS = YES_AGGRESSIVE;
				GCC_WARN_UNUSED_FUNCTION = YES;
				GCC_WARN_UNUSED_VARIABLE = YES;
				IPHONEOS_DEPLOYMENT_TARGET = 17.5;
				LOCALIZATION_PREFERS_STRING_CATALOGS = YES;
				MTL_ENABLE_DEBUG_INFO = INCLUDE_SOURCE;
				MTL_FAST_MATH = YES;
				ONLY_ACTIVE_ARCH = YES;
				SDKROOT = iphoneos;
				SWIFT_ACTIVE_COMPILATION_CONDITIONS = "DEBUG $(inherited)";
				SWIFT_OPTIMIZATION_LEVEL = "-Onone";
			};
			name = Debug;
		};
		2466E35B2C4155C200D675B2 /* Release */ = {
			isa = XCBuildConfiguration;
			buildSettings = {
				ALWAYS_SEARCH_USER_PATHS = NO;
				ASSETCATALOG_COMPILER_GENERATE_SWIFT_ASSET_SYMBOL_EXTENSIONS = YES;
				CLANG_ANALYZER_NONNULL = YES;
				CLANG_ANALYZER_NUMBER_OBJECT_CONVERSION = YES_AGGRESSIVE;
				CLANG_CXX_LANGUAGE_STANDARD = "gnu++20";
				CLANG_ENABLE_MODULES = YES;
				CLANG_ENABLE_OBJC_ARC = YES;
				CLANG_ENABLE_OBJC_WEAK = YES;
				CLANG_WARN_BLOCK_CAPTURE_AUTORELEASING = YES;
				CLANG_WARN_BOOL_CONVERSION = YES;
				CLANG_WARN_COMMA = YES;
				CLANG_WARN_CONSTANT_CONVERSION = YES;
				CLANG_WARN_DEPRECATED_OBJC_IMPLEMENTATIONS = YES;
				CLANG_WARN_DIRECT_OBJC_ISA_USAGE = YES_ERROR;
				CLANG_WARN_DOCUMENTATION_COMMENTS = YES;
				CLANG_WARN_EMPTY_BODY = YES;
				CLANG_WARN_ENUM_CONVERSION = YES;
				CLANG_WARN_INFINITE_RECURSION = YES;
				CLANG_WARN_INT_CONVERSION = YES;
				CLANG_WARN_NON_LITERAL_NULL_CONVERSION = YES;
				CLANG_WARN_OBJC_IMPLICIT_RETAIN_SELF = YES;
				CLANG_WARN_OBJC_LITERAL_CONVERSION = YES;
				CLANG_WARN_OBJC_ROOT_CLASS = YES_ERROR;
				CLANG_WARN_QUOTED_INCLUDE_IN_FRAMEWORK_HEADER = YES;
				CLANG_WARN_RANGE_LOOP_ANALYSIS = YES;
				CLANG_WARN_STRICT_PROTOTYPES = YES;
				CLANG_WARN_SUSPICIOUS_MOVE = YES;
				CLANG_WARN_UNGUARDED_AVAILABILITY = YES_AGGRESSIVE;
				CLANG_WARN_UNREACHABLE_CODE = YES;
				CLANG_WARN__DUPLICATE_METHOD_MATCH = YES;
				COPY_PHASE_STRIP = NO;
				DEBUG_INFORMATION_FORMAT = "dwarf-with-dsym";
				ENABLE_NS_ASSERTIONS = NO;
				ENABLE_STRICT_OBJC_MSGSEND = YES;
				ENABLE_USER_SCRIPT_SANDBOXING = YES;
				GCC_C_LANGUAGE_STANDARD = gnu17;
				GCC_NO_COMMON_BLOCKS = YES;
				GCC_WARN_64_TO_32_BIT_CONVERSION = YES;
				GCC_WARN_ABOUT_RETURN_TYPE = YES_ERROR;
				GCC_WARN_UNDECLARED_SELECTOR = YES;
				GCC_WARN_UNINITIALIZED_AUTOS = YES_AGGRESSIVE;
				GCC_WARN_UNUSED_FUNCTION = YES;
				GCC_WARN_UNUSED_VARIABLE = YES;
				IPHONEOS_DEPLOYMENT_TARGET = 17.5;
				LOCALIZATION_PREFERS_STRING_CATALOGS = YES;
				MTL_ENABLE_DEBUG_INFO = NO;
				MTL_FAST_MATH = YES;
				SDKROOT = iphoneos;
				SWIFT_COMPILATION_MODE = wholemodule;
				VALIDATE_PRODUCT = YES;
			};
			name = Release;
		};
		2466E35D2C4155C200D675B2 /* Debug */ = {
			isa = XCBuildConfiguration;
			buildSettings = {
				ASSETCATALOG_COMPILER_APPICON_NAME = AppIcon;
				ASSETCATALOG_COMPILER_GLOBAL_ACCENT_COLOR_NAME = AccentColor;
				CODE_SIGN_STYLE = Automatic;
				CURRENT_PROJECT_VERSION = 1;
				DEVELOPMENT_TEAM = Z6H2JVV9PA;
				GENERATE_INFOPLIST_FILE = YES;
				INFOPLIST_FILE = MyWeather/Info.plist;
				INFOPLIST_KEY_UIApplicationSupportsIndirectInputEvents = YES;
				INFOPLIST_KEY_UILaunchStoryboardName = LaunchScreen;
				INFOPLIST_KEY_UISupportedInterfaceOrientations = UIInterfaceOrientationPortrait;
				INFOPLIST_KEY_UISupportedInterfaceOrientations_iPad = UIInterfaceOrientationPortrait;
				IPHONEOS_DEPLOYMENT_TARGET = 16.0;
				LD_RUNPATH_SEARCH_PATHS = (
					"$(inherited)",
					"@executable_path/Frameworks",
				);
				MARKETING_VERSION = 1.0;
				PRODUCT_BUNDLE_IDENTIFIER = com.ksm.MyWeather;
				PRODUCT_NAME = "$(TARGET_NAME)";
				SUPPORTED_PLATFORMS = "iphoneos iphonesimulator";
				SUPPORTS_MACCATALYST = NO;
				SUPPORTS_MAC_DESIGNED_FOR_IPHONE_IPAD = NO;
				SUPPORTS_XR_DESIGNED_FOR_IPHONE_IPAD = NO;
				SWIFT_EMIT_LOC_STRINGS = YES;
				SWIFT_VERSION = 5.0;
				TARGETED_DEVICE_FAMILY = 1;
			};
			name = Debug;
		};
		2466E35E2C4155C200D675B2 /* Release */ = {
			isa = XCBuildConfiguration;
			buildSettings = {
				ASSETCATALOG_COMPILER_APPICON_NAME = AppIcon;
				ASSETCATALOG_COMPILER_GLOBAL_ACCENT_COLOR_NAME = AccentColor;
				CODE_SIGN_STYLE = Automatic;
				CURRENT_PROJECT_VERSION = 1;
				DEVELOPMENT_TEAM = Z6H2JVV9PA;
				GENERATE_INFOPLIST_FILE = YES;
				INFOPLIST_FILE = MyWeather/Info.plist;
				INFOPLIST_KEY_UIApplicationSupportsIndirectInputEvents = YES;
				INFOPLIST_KEY_UILaunchStoryboardName = LaunchScreen;
				INFOPLIST_KEY_UISupportedInterfaceOrientations = UIInterfaceOrientationPortrait;
				INFOPLIST_KEY_UISupportedInterfaceOrientations_iPad = UIInterfaceOrientationPortrait;
				IPHONEOS_DEPLOYMENT_TARGET = 16.0;
				LD_RUNPATH_SEARCH_PATHS = (
					"$(inherited)",
					"@executable_path/Frameworks",
				);
				MARKETING_VERSION = 1.0;
				PRODUCT_BUNDLE_IDENTIFIER = com.ksm.MyWeather;
				PRODUCT_NAME = "$(TARGET_NAME)";
				SUPPORTED_PLATFORMS = "iphoneos iphonesimulator";
				SUPPORTS_MACCATALYST = NO;
				SUPPORTS_MAC_DESIGNED_FOR_IPHONE_IPAD = NO;
				SUPPORTS_XR_DESIGNED_FOR_IPHONE_IPAD = NO;
				SWIFT_EMIT_LOC_STRINGS = YES;
				SWIFT_VERSION = 5.0;
				TARGETED_DEVICE_FAMILY = 1;
			};
			name = Release;
		};
/* End XCBuildConfiguration section */

/* Begin XCConfigurationList section */
		2466E3432C4155C000D675B2 /* Build configuration list for PBXProject "MyWeather" */ = {
			isa = XCConfigurationList;
			buildConfigurations = (
				2466E35A2C4155C200D675B2 /* Debug */,
				2466E35B2C4155C200D675B2 /* Release */,
			);
			defaultConfigurationIsVisible = 0;
			defaultConfigurationName = Release;
		};
		2466E35C2C4155C200D675B2 /* Build configuration list for PBXNativeTarget "MyWeather" */ = {
			isa = XCConfigurationList;
			buildConfigurations = (
				2466E35D2C4155C200D675B2 /* Debug */,
				2466E35E2C4155C200D675B2 /* Release */,
			);
			defaultConfigurationIsVisible = 0;
			defaultConfigurationName = Release;
		};
/* End XCConfigurationList section */

/* Begin XCRemoteSwiftPackageReference section */
		242C632B2C4A35EF00C7B229 /* XCRemoteSwiftPackageReference "Kingfisher" */ = {
			isa = XCRemoteSwiftPackageReference;
			repositoryURL = "https://github.com/onevcat/Kingfisher";
			requirement = {
				kind = upToNextMajorVersion;
				minimumVersion = 7.12.0;
			};
		};
		2466E3632C41586200D675B2 /* XCRemoteSwiftPackageReference "SnapKit" */ = {
			isa = XCRemoteSwiftPackageReference;
			repositoryURL = "https://github.com/SnapKit/SnapKit";
			requirement = {
				kind = upToNextMajorVersion;
				minimumVersion = 5.7.1;
			};
		};
		2466E3662C415FF600D675B2 /* XCRemoteSwiftPackageReference "Alamofire" */ = {
			isa = XCRemoteSwiftPackageReference;
			repositoryURL = "https://github.com/Alamofire/Alamofire.git";
			requirement = {
				kind = upToNextMajorVersion;
				minimumVersion = 5.9.1;
			};
		};
		2466E3692C41609A00D675B2 /* XCRemoteSwiftPackageReference "Then" */ = {
			isa = XCRemoteSwiftPackageReference;
			repositoryURL = "https://github.com/devxoul/Then.git";
			requirement = {
				kind = upToNextMajorVersion;
				minimumVersion = 3.0.0;
			};
		};
/* End XCRemoteSwiftPackageReference section */

/* Begin XCSwiftPackageProductDependency section */
		242C632C2C4A35EF00C7B229 /* Kingfisher */ = {
			isa = XCSwiftPackageProductDependency;
			package = 242C632B2C4A35EF00C7B229 /* XCRemoteSwiftPackageReference "Kingfisher" */;
			productName = Kingfisher;
		};
		2466E3642C41586200D675B2 /* SnapKit */ = {
			isa = XCSwiftPackageProductDependency;
			package = 2466E3632C41586200D675B2 /* XCRemoteSwiftPackageReference "SnapKit" */;
			productName = SnapKit;
		};
		2466E3672C415FF600D675B2 /* Alamofire */ = {
			isa = XCSwiftPackageProductDependency;
			package = 2466E3662C415FF600D675B2 /* XCRemoteSwiftPackageReference "Alamofire" */;
			productName = Alamofire;
		};
		2466E36A2C41609A00D675B2 /* Then */ = {
			isa = XCSwiftPackageProductDependency;
			package = 2466E3692C41609A00D675B2 /* XCRemoteSwiftPackageReference "Then" */;
			productName = Then;
		};
/* End XCSwiftPackageProductDependency section */
	};
	rootObject = 2466E3402C4155C000D675B2 /* Project object */;
}
